
Microsoft Visual Studio Solution File, Format Version 12.00
Project("{FAE04EC0-301F-11D3-BF4B-00C04F79EFBC}") = "Polaris.Web", "Polaris.Web\Polaris.Web.csproj", "{67737AEF-C104-44CC-BABD-60899D529F3E}"
EndProject
Project("{2150E333-8FDC-42A3-9474-1A3956D46DE8}") = "Web", "Web", "{DFB085A7-F1CF-45F6-8221-F6B01152A32D}"
EndProject
Project("{2150E333-8FDC-42A3-9474-1A3956D46DE8}") = "Application", "Application", "{9F2F7F7B-A799-43CE-BCD3-5DFE66993B41}"
EndProject
Project("{2150E333-8FDC-42A3-9474-1A3956D46DE8}") = "Services", "Services", "{95E077D6-5A80-40BC-94F5-95EDDEFDFD28}"
EndProject
Project("{2150E333-8FDC-42A3-9474-1A3956D46DE8}") = "Source", "Source", "{F9DF9AF5-320C-4562-B58A-F6984097FE81}"
EndProject
Project("{2150E333-8FDC-42A3-9474-1A3956D46DE8}") = "Tests", "Tests", "{A856243D-5B71-4928-93A3-281B8D6D56E0}"
EndProject
Project("{FAE04EC0-301F-11D3-BF4B-00C04F79EFBC}") = "Polaris.Application.Entities", "Polaris.Application.Entities\Polaris.Application.Entities.csproj", "{CE6B8302-D72F-4338-AFE4-25B49F57918C}"
EndProject
Project("{FAE04EC0-301F-11D3-BF4B-00C04F79EFBC}") = "Polaris.Application", "Polaris.Application\Polaris.Application.csproj", "{29304329-F42C-4079-8E3B-2A9C842B015A}"
EndProject
Project("{FAE04EC0-301F-11D3-BF4B-00C04F79EFBC}") = "Polaris.Services", "Polaris.Services\Polaris.Services.csproj", "{A1D2DFDB-8594-4AB6-B38A-67DEF2DB8C8B}"
EndProject
Project("{FAE04EC0-301F-11D3-BF4B-00C04F79EFBC}") = "Polaris.Services.DataAccess.Database", "Polaris.Services.DataAccess.Database\Polaris.Services.DataAccess.Database.csproj", "{FA00A1B0-5523-42F3-A579-796C0D110228}"
EndProject
Project("{FAE04EC0-301F-11D3-BF4B-00C04F79EFBC}") = "Polaris.Application.Tests", "Polaris.Application.Tests\Polaris.Application.Tests.csproj", "{7A15E066-FA75-452B-A8B8-D0FE2D2185F6}"
EndProject
Project("{FAE04EC0-301F-11D3-BF4B-00C04F79EFBC}") = "Polaris.Services.DataAccess.OnMemory", "Polaris.Services.DataAccess.OnMemory\Polaris.Services.DataAccess.OnMemory.csproj", "{2DEA5D8C-0617-417F-A18D-5ABCCFDD4BF1}"
EndProject
Project("{FAE04EC0-301F-11D3-BF4B-00C04F79EFBC}") = "Polaris.Services.DataAccess.OnMemory.Tests", "Polaris.Services.DataAccess.OnMemory.Tests\Polaris.Services.DataAccess.OnMemory.Tests.csproj", "{9BBD4857-2D66-47EB-999A-3F43174FDA1D}"
EndProject
Global
	GlobalSection(SolutionConfigurationPlatforms) = preSolution
		Debug|Any CPU = Debug|Any CPU
		Release|Any CPU = Release|Any CPU
	EndGlobalSection
	GlobalSection(ProjectConfigurationPlatforms) = postSolution
		{67737AEF-C104-44CC-BABD-60899D529F3E}.Debug|Any CPU.ActiveCfg = Debug|Any CPU
		{67737AEF-C104-44CC-BABD-60899D529F3E}.Debug|Any CPU.Build.0 = Debug|Any CPU
		{67737AEF-C104-44CC-BABD-60899D529F3E}.Release|Any CPU.ActiveCfg = Release|Any CPU
		{67737AEF-C104-44CC-BABD-60899D529F3E}.Release|Any CPU.Build.0 = Release|Any CPU
		{CE6B8302-D72F-4338-AFE4-25B49F57918C}.Debug|Any CPU.ActiveCfg = Debug|Any CPU
		{CE6B8302-D72F-4338-AFE4-25B49F57918C}.Debug|Any CPU.Build.0 = Debug|Any CPU
		{CE6B8302-D72F-4338-AFE4-25B49F57918C}.Release|Any CPU.ActiveCfg = Release|Any CPU
		{CE6B8302-D72F-4338-AFE4-25B49F57918C}.Release|Any CPU.Build.0 = Release|Any CPU
		{29304329-F42C-4079-8E3B-2A9C842B015A}.Debug|Any CPU.ActiveCfg = Debug|Any CPU
		{29304329-F42C-4079-8E3B-2A9C842B015A}.Debug|Any CPU.Build.0 = Debug|Any CPU
		{29304329-F42C-4079-8E3B-2A9C842B015A}.Release|Any CPU.ActiveCfg = Release|Any CPU
		{29304329-F42C-4079-8E3B-2A9C842B015A}.Release|Any CPU.Build.0 = Release|Any CPU
		{A1D2DFDB-8594-4AB6-B38A-67DEF2DB8C8B}.Debug|Any CPU.ActiveCfg = Debug|Any CPU
		{A1D2DFDB-8594-4AB6-B38A-67DEF2DB8C8B}.Debug|Any CPU.Build.0 = Debug|Any CPU
		{A1D2DFDB-8594-4AB6-B38A-67DEF2DB8C8B}.Release|Any CPU.ActiveCfg = Release|Any CPU
		{A1D2DFDB-8594-4AB6-B38A-67DEF2DB8C8B}.Release|Any CPU.Build.0 = Release|Any CPU
		{FA00A1B0-5523-42F3-A579-796C0D110228}.Debug|Any CPU.ActiveCfg = Debug|Any CPU
		{FA00A1B0-5523-42F3-A579-796C0D110228}.Debug|Any CPU.Build.0 = Debug|Any CPU
		{FA00A1B0-5523-42F3-A579-796C0D110228}.Release|Any CPU.ActiveCfg = Release|Any CPU
		{FA00A1B0-5523-42F3-A579-796C0D110228}.Release|Any CPU.Build.0 = Release|Any CPU
		{7A15E066-FA75-452B-A8B8-D0FE2D2185F6}.Debug|Any CPU.ActiveCfg = Debug|Any CPU
		{7A15E066-FA75-452B-A8B8-D0FE2D2185F6}.Debug|Any CPU.Build.0 = Debug|Any CPU
		{7A15E066-FA75-452B-A8B8-D0FE2D2185F6}.Release|Any CPU.ActiveCfg = Release|Any CPU
		{7A15E066-FA75-452B-A8B8-D0FE2D2185F6}.Release|Any CPU.Build.0 = Release|Any CPU
		{2DEA5D8C-0617-417F-A18D-5ABCCFDD4BF1}.Debug|Any CPU.ActiveCfg = Debug|Any CPU
		{2DEA5D8C-0617-417F-A18D-5ABCCFDD4BF1}.Debug|Any CPU.Build.0 = Debug|Any CPU
		{2DEA5D8C-0617-417F-A18D-5ABCCFDD4BF1}.Release|Any CPU.ActiveCfg = Release|Any CPU
		{2DEA5D8C-0617-417F-A18D-5ABCCFDD4BF1}.Release|Any CPU.Build.0 = Release|Any CPU
		{9BBD4857-2D66-47EB-999A-3F43174FDA1D}.Debug|Any CPU.ActiveCfg = Debug|Any CPU
		{9BBD4857-2D66-47EB-999A-3F43174FDA1D}.Debug|Any CPU.Build.0 = Debug|Any CPU
		{9BBD4857-2D66-47EB-999A-3F43174FDA1D}.Release|Any CPU.ActiveCfg = Release|Any CPU
		{9BBD4857-2D66-47EB-999A-3F43174FDA1D}.Release|Any CPU.Build.0 = Release|Any CPU
	EndGlobalSection
	GlobalSection(NestedProjects) = preSolution
		{67737AEF-C104-44CC-BABD-60899D529F3E} = {DFB085A7-F1CF-45F6-8221-F6B01152A32D}
		{95E077D6-5A80-40BC-94F5-95EDDEFDFD28} = {F9DF9AF5-320C-4562-B58A-F6984097FE81}
		{9F2F7F7B-A799-43CE-BCD3-5DFE66993B41} = {F9DF9AF5-320C-4562-B58A-F6984097FE81}
		{DFB085A7-F1CF-45F6-8221-F6B01152A32D} = {F9DF9AF5-320C-4562-B58A-F6984097FE81}
		{29304329-F42C-4079-8E3B-2A9C842B015A} = {9F2F7F7B-A799-43CE-BCD3-5DFE66993B41}
		{A1D2DFDB-8594-4AB6-B38A-67DEF2DB8C8B} = {95E077D6-5A80-40BC-94F5-95EDDEFDFD28}
		{FA00A1B0-5523-42F3-A579-796C0D110228} = {95E077D6-5A80-40BC-94F5-95EDDEFDFD28}
		{7A15E066-FA75-452B-A8B8-D0FE2D2185F6} = {A856243D-5B71-4928-93A3-281B8D6D56E0}
		{CE6B8302-D72F-4338-AFE4-25B49F57918C} = {9F2F7F7B-A799-43CE-BCD3-5DFE66993B41}
		{2DEA5D8C-0617-417F-A18D-5ABCCFDD4BF1} = {95E077D6-5A80-40BC-94F5-95EDDEFDFD28}
		{9BBD4857-2D66-47EB-999A-3F43174FDA1D} = {A856243D-5B71-4928-93A3-281B8D6D56E0}
	EndGlobalSection
EndGlobal
