
Microsoft Visual Studio Solution File, Format Version 12.00
Project("{FAE04EC0-301F-11D3-BF4B-00C04F79EFBC}") = "Polaris.Server.WebApp", "Polaris.Server.WebApp\Polaris.Server.WebApp.csproj", "{C16E9F92-3C25-435A-BF66-59353D4D2872}"
EndProject
Project("{FAE04EC0-301F-11D3-BF4B-00C04F79EFBC}") = "Polaris.Server.WebApi", "Polaris.Server.WebApi\Polaris.Server.WebApi.csproj", "{47878AB3-E0F4-4E2B-82F3-2F49C2106139}"
EndProject
Project("{FAE04EC0-301F-11D3-BF4B-00C04F79EFBC}") = "Polaris.Domain.Entities", "Polaris.Domain.Entities\Polaris.Domain.Entities.csproj", "{CBE06511-8FEB-4D03-B5E1-6722F4799D13}"
EndProject
Project("{FAE04EC0-301F-11D3-BF4B-00C04F79EFBC}") = "Polaris.Domain.Application", "Polaris.Domain.Application\Polaris.Domain.Application.csproj", "{14876842-4B5E-447D-B47D-5715B7D4BA08}"
EndProject
Project("{FAE04EC0-301F-11D3-BF4B-00C04F79EFBC}") = "Polaris.Infrastructure.Persistence", "Polaris.Infrastructure.Persistence\Polaris.Infrastructure.Persistence.csproj", "{5CCB88C8-83B2-43DD-8F28-421B034B873B}"
EndProject
Project("{FAE04EC0-301F-11D3-BF4B-00C04F79EFBC}") = "Polaris.Infrastructure.Services", "Polaris.Infrastructure.Services\Polaris.Infrastructure.Services.csproj", "{E687F4E0-78BE-4729-A074-490AA66E5420}"
EndProject
Project("{2150E333-8FDC-42A3-9474-1A3956D46DE8}") = "Source", "Source", "{69E34C01-322E-4838-B86F-287E043D6C6E}"
EndProject
Project("{2150E333-8FDC-42A3-9474-1A3956D46DE8}") = "Tests", "Tests", "{9EC60F30-7669-45E6-9D9D-21558822AB70}"
EndProject
Project("{2150E333-8FDC-42A3-9474-1A3956D46DE8}") = "Server", "Server", "{CB672323-A153-492E-BED2-CB2871917421}"
EndProject
Project("{2150E333-8FDC-42A3-9474-1A3956D46DE8}") = "Infrastructure", "Infrastructure", "{BA7B21B1-F89D-4F9B-9381-F5C8C8F9BE01}"
EndProject
Project("{2150E333-8FDC-42A3-9474-1A3956D46DE8}") = "Domain", "Domain", "{5C2D7F72-956D-4083-957F-2DD8173AEBF8}"
EndProject
Global
	GlobalSection(SolutionConfigurationPlatforms) = preSolution
		Debug|Any CPU = Debug|Any CPU
		Release|Any CPU = Release|Any CPU
	EndGlobalSection
	GlobalSection(ProjectConfigurationPlatforms) = postSolution
		{C16E9F92-3C25-435A-BF66-59353D4D2872}.Debug|Any CPU.ActiveCfg = Debug|Any CPU
		{C16E9F92-3C25-435A-BF66-59353D4D2872}.Debug|Any CPU.Build.0 = Debug|Any CPU
		{C16E9F92-3C25-435A-BF66-59353D4D2872}.Release|Any CPU.ActiveCfg = Release|Any CPU
		{C16E9F92-3C25-435A-BF66-59353D4D2872}.Release|Any CPU.Build.0 = Release|Any CPU
		{47878AB3-E0F4-4E2B-82F3-2F49C2106139}.Debug|Any CPU.ActiveCfg = Debug|Any CPU
		{47878AB3-E0F4-4E2B-82F3-2F49C2106139}.Debug|Any CPU.Build.0 = Debug|Any CPU
		{47878AB3-E0F4-4E2B-82F3-2F49C2106139}.Release|Any CPU.ActiveCfg = Release|Any CPU
		{47878AB3-E0F4-4E2B-82F3-2F49C2106139}.Release|Any CPU.Build.0 = Release|Any CPU
		{CBE06511-8FEB-4D03-B5E1-6722F4799D13}.Debug|Any CPU.ActiveCfg = Debug|Any CPU
		{CBE06511-8FEB-4D03-B5E1-6722F4799D13}.Debug|Any CPU.Build.0 = Debug|Any CPU
		{CBE06511-8FEB-4D03-B5E1-6722F4799D13}.Release|Any CPU.ActiveCfg = Release|Any CPU
		{CBE06511-8FEB-4D03-B5E1-6722F4799D13}.Release|Any CPU.Build.0 = Release|Any CPU
		{14876842-4B5E-447D-B47D-5715B7D4BA08}.Debug|Any CPU.ActiveCfg = Debug|Any CPU
		{14876842-4B5E-447D-B47D-5715B7D4BA08}.Debug|Any CPU.Build.0 = Debug|Any CPU
		{14876842-4B5E-447D-B47D-5715B7D4BA08}.Release|Any CPU.ActiveCfg = Release|Any CPU
		{14876842-4B5E-447D-B47D-5715B7D4BA08}.Release|Any CPU.Build.0 = Release|Any CPU
		{5CCB88C8-83B2-43DD-8F28-421B034B873B}.Debug|Any CPU.ActiveCfg = Debug|Any CPU
		{5CCB88C8-83B2-43DD-8F28-421B034B873B}.Debug|Any CPU.Build.0 = Debug|Any CPU
		{5CCB88C8-83B2-43DD-8F28-421B034B873B}.Release|Any CPU.ActiveCfg = Release|Any CPU
		{5CCB88C8-83B2-43DD-8F28-421B034B873B}.Release|Any CPU.Build.0 = Release|Any CPU
		{E687F4E0-78BE-4729-A074-490AA66E5420}.Debug|Any CPU.ActiveCfg = Debug|Any CPU
		{E687F4E0-78BE-4729-A074-490AA66E5420}.Debug|Any CPU.Build.0 = Debug|Any CPU
		{E687F4E0-78BE-4729-A074-490AA66E5420}.Release|Any CPU.ActiveCfg = Release|Any CPU
		{E687F4E0-78BE-4729-A074-490AA66E5420}.Release|Any CPU.Build.0 = Release|Any CPU
	EndGlobalSection
	GlobalSection(NestedProjects) = preSolution
		{CB672323-A153-492E-BED2-CB2871917421} = {69E34C01-322E-4838-B86F-287E043D6C6E}
		{47878AB3-E0F4-4E2B-82F3-2F49C2106139} = {CB672323-A153-492E-BED2-CB2871917421}
		{C16E9F92-3C25-435A-BF66-59353D4D2872} = {CB672323-A153-492E-BED2-CB2871917421}
		{BA7B21B1-F89D-4F9B-9381-F5C8C8F9BE01} = {69E34C01-322E-4838-B86F-287E043D6C6E}
		{5CCB88C8-83B2-43DD-8F28-421B034B873B} = {BA7B21B1-F89D-4F9B-9381-F5C8C8F9BE01}
		{E687F4E0-78BE-4729-A074-490AA66E5420} = {BA7B21B1-F89D-4F9B-9381-F5C8C8F9BE01}
		{5C2D7F72-956D-4083-957F-2DD8173AEBF8} = {69E34C01-322E-4838-B86F-287E043D6C6E}
		{14876842-4B5E-447D-B47D-5715B7D4BA08} = {5C2D7F72-956D-4083-957F-2DD8173AEBF8}
		{CBE06511-8FEB-4D03-B5E1-6722F4799D13} = {5C2D7F72-956D-4083-957F-2DD8173AEBF8}
	EndGlobalSection
EndGlobal
